
Microsoft Visual Studio Solution File, Format Version 12.00
# Visual Studio 15
VisualStudioVersion = 15.0.27130.2010
MinimumVisualStudioVersion = 10.0.40219.1
Project("{9A19103F-16F7-4668-BE54-9A1E7A4F7556}") = "BeginDoing.Api", "BeginDoing.Api\BeginDoing.Api.csproj", "{410550A9-2B30-45BF-83D3-A3FC6317A094}"
EndProject
Project("{FAE04EC0-301F-11D3-BF4B-00C04F79EFBC}") = "BeginDoing.Data", "BeginDoing.Data\BeginDoing.Data.csproj", "{8D60399D-28E9-4EF6-ABBC-C6616D2EDF64}"
EndProject
Global
	GlobalSection(SolutionConfigurationPlatforms) = preSolution
		Debug|Any CPU = Debug|Any CPU
		Release|Any CPU = Release|Any CPU
	EndGlobalSection
	GlobalSection(ProjectConfigurationPlatforms) = postSolution
		{410550A9-2B30-45BF-83D3-A3FC6317A094}.Debug|Any CPU.ActiveCfg = Debug|Any CPU
		{410550A9-2B30-45BF-83D3-A3FC6317A094}.Debug|Any CPU.Build.0 = Debug|Any CPU
		{410550A9-2B30-45BF-83D3-A3FC6317A094}.Release|Any CPU.ActiveCfg = Release|Any CPU
		{410550A9-2B30-45BF-83D3-A3FC6317A094}.Release|Any CPU.Build.0 = Release|Any CPU
		{8D60399D-28E9-4EF6-ABBC-C6616D2EDF64}.Debug|Any CPU.ActiveCfg = Debug|Any CPU
		{8D60399D-28E9-4EF6-ABBC-C6616D2EDF64}.Debug|Any CPU.Build.0 = Debug|Any CPU
		{8D60399D-28E9-4EF6-ABBC-C6616D2EDF64}.Release|Any CPU.ActiveCfg = Release|Any CPU
		{8D60399D-28E9-4EF6-ABBC-C6616D2EDF64}.Release|Any CPU.Build.0 = Release|Any CPU
	EndGlobalSection
	GlobalSection(SolutionProperties) = preSolution
		HideSolutionNode = FALSE
	EndGlobalSection
	GlobalSection(ExtensibilityGlobals) = postSolution
		SolutionGuid = {E1C5F06F-575D-4143-8D99-17C5F4FB56D1}
	EndGlobalSection
EndGlobal
